
Microsoft Visual Studio Solution File, Format Version 12.00
# Visual Studio Version 16
VisualStudioVersion = 16.0.29020.237
MinimumVisualStudioVersion = 10.0.40219.1
Project("{9A19103F-16F7-4668-BE54-9A1E7A4F7556}") = "Panda.App", "Panda.App.csproj", "{3F6797D8-0134-457C-8877-42A1D5EE1D18}"
EndProject
Project("{FAE04EC0-301F-11D3-BF4B-00C04F79EFBC}") = "Panda.Data", "..\Panda.Data\Panda.Data.csproj", "{F2BBD24B-5E11-4372-92B9-B617C298DF20}"
EndProject
Project("{FAE04EC0-301F-11D3-BF4B-00C04F79EFBC}") = "Panda.Domain", "..\Panda.Domain\Panda.Domain.csproj", "{12DE64FD-E04A-4ED7-AE9A-F6351821C23F}"
EndProject
Global
	GlobalSection(SolutionConfigurationPlatforms) = preSolution
		Debug|Any CPU = Debug|Any CPU
		Release|Any CPU = Release|Any CPU
	EndGlobalSection
	GlobalSection(ProjectConfigurationPlatforms) = postSolution
		{3F6797D8-0134-457C-8877-42A1D5EE1D18}.Debug|Any CPU.ActiveCfg = Debug|Any CPU
		{3F6797D8-0134-457C-8877-42A1D5EE1D18}.Debug|Any CPU.Build.0 = Debug|Any CPU
		{3F6797D8-0134-457C-8877-42A1D5EE1D18}.Release|Any CPU.ActiveCfg = Release|Any CPU
		{3F6797D8-0134-457C-8877-42A1D5EE1D18}.Release|Any CPU.Build.0 = Release|Any CPU
		{F2BBD24B-5E11-4372-92B9-B617C298DF20}.Debug|Any CPU.ActiveCfg = Debug|Any CPU
		{F2BBD24B-5E11-4372-92B9-B617C298DF20}.Debug|Any CPU.Build.0 = Debug|Any CPU
		{F2BBD24B-5E11-4372-92B9-B617C298DF20}.Release|Any CPU.ActiveCfg = Release|Any CPU
		{F2BBD24B-5E11-4372-92B9-B617C298DF20}.Release|Any CPU.Build.0 = Release|Any CPU
		{12DE64FD-E04A-4ED7-AE9A-F6351821C23F}.Debug|Any CPU.ActiveCfg = Debug|Any CPU
		{12DE64FD-E04A-4ED7-AE9A-F6351821C23F}.Debug|Any CPU.Build.0 = Debug|Any CPU
		{12DE64FD-E04A-4ED7-AE9A-F6351821C23F}.Release|Any CPU.ActiveCfg = Release|Any CPU
		{12DE64FD-E04A-4ED7-AE9A-F6351821C23F}.Release|Any CPU.Build.0 = Release|Any CPU
	EndGlobalSection
	GlobalSection(SolutionProperties) = preSolution
		HideSolutionNode = FALSE
	EndGlobalSection
	GlobalSection(ExtensibilityGlobals) = postSolution
		SolutionGuid = {A1007B8A-F28F-4DA6-A492-B39E300B4E19}
	EndGlobalSection
EndGlobal
